
Microsoft Visual Studio Solution File, Format Version 12.00
# Visual Studio 15
VisualStudioVersion = 15.0.27428.2002
MinimumVisualStudioVersion = 10.0.40219.1
Project("{FAE04EC0-301F-11D3-BF4B-00C04F79EFBC}") = "Events", "Events\Events.csproj", "{FDB1C75F-0949-464E-8F3C-C3FA8AC3D40B}"
EndProject
Project("{FAE04EC0-301F-11D3-BF4B-00C04F79EFBC}") = "SnippetsTest", "SnippetsTest\SnippetsTest.csproj", "{47E3BF85-9290-4516-9CD6-D9EB148CC375}"
EndProject
Project("{FAE04EC0-301F-11D3-BF4B-00C04F79EFBC}") = "WpfTutorial", "WpfTutorial\WpfTutorial.csproj", "{EA44CEEB-4ECA-4E58-925F-E4CBEF2E0218}"
EndProject
Project("{FAE04EC0-301F-11D3-BF4B-00C04F79EFBC}") = "DelegatesTutorial", "DelegatesTutorial\DelegatesTutorial.csproj", "{AAA2638F-C1BD-474B-8FC3-09F64E4E15C3}"
EndProject
Project("{2150E333-8FDC-42A3-9474-1A3956D46DE8}") = "BasicUnitTest", "BasicUnitTest", "{AD8A4756-C6B9-436D-9C5D-02A2AB1D6572}"
EndProject
Project("{FAE04EC0-301F-11D3-BF4B-00C04F79EFBC}") = "MyAppToTest", "MyAppToTest\MyAppToTest.csproj", "{3A2BEA4B-7F78-4934-9A04-4B83155D356B}"
EndProject
Project("{FAE04EC0-301F-11D3-BF4B-00C04F79EFBC}") = "MyAppUnitTest", "MyAppUnitTest\MyAppUnitTest.csproj", "{D7559DD8-2CC9-4E0E-B9D6-316B1D66B115}"
EndProject
Project("{2150E333-8FDC-42A3-9474-1A3956D46DE8}") = "WcfTutorials", "WcfTutorials", "{56BE487C-CF94-41BB-AFF0-36CAD1F3D758}"
EndProject
Project("{FAE04EC0-301F-11D3-BF4B-00C04F79EFBC}") = "HelloWCF", "HelloWCF\HelloWCF.csproj", "{5BB50A9B-9CE2-42AF-8199-C15671E79D72}"
EndProject
Project("{FAE04EC0-301F-11D3-BF4B-00C04F79EFBC}") = "HelloWCFClient", "HelloWCFClient\HelloWCFClient.csproj", "{8BE0789D-0168-4BCB-9ECE-C64ED56C669B}"
	ProjectSection(ProjectDependencies) = postProject
		{5BB50A9B-9CE2-42AF-8199-C15671E79D72} = {5BB50A9B-9CE2-42AF-8199-C15671E79D72}
	EndProjectSection
EndProject
Project("{FAE04EC0-301F-11D3-BF4B-00C04F79EFBC}") = "Log4NetDemo", "Log4NetDemo\Log4NetDemo.csproj", "{8701E0E4-F005-4E2C-8439-AA26B3DBC9B2}"
EndProject
Project("{FAE04EC0-301F-11D3-BF4B-00C04F79EFBC}") = "AsyncDemo", "AsyncDemo\AsyncDemo.csproj", "{D2FBF69F-0D6D-4847-9ABB-194D23FD67EA}"
EndProject
Project("{FAE04EC0-301F-11D3-BF4B-00C04F79EFBC}") = "DnaComServer", "DnaComServer\DnaComServer.csproj", "{DD1C6305-27B9-42C9-A6C0-731C40AD4F4D}"
EndProject
Project("{FAE04EC0-301F-11D3-BF4B-00C04F79EFBC}") = "InterfaceDemo.Tests", "InterfaceDemo.Tests\InterfaceDemo.Tests.csproj", "{EA025D8F-9484-48DC-A51C-B22583729A7B}"
EndProject
Project("{FAE04EC0-301F-11D3-BF4B-00C04F79EFBC}") = "InterfaceDemo", "InterfaceDemo\InterfaceDemo.csproj", "{908859E0-4472-4857-A5B1-2B6F093627D5}"
EndProject
Project("{2150E333-8FDC-42A3-9474-1A3956D46DE8}") = "InterfaceStuff", "InterfaceStuff", "{2E6286B4-7E65-4EE4-84EE-3346BA78B4A8}"
EndProject
Global
	GlobalSection(SolutionConfigurationPlatforms) = preSolution
		Debug|Any CPU = Debug|Any CPU
		Release|Any CPU = Release|Any CPU
	EndGlobalSection
	GlobalSection(ProjectConfigurationPlatforms) = postSolution
		{FDB1C75F-0949-464E-8F3C-C3FA8AC3D40B}.Debug|Any CPU.ActiveCfg = Debug|Any CPU
		{FDB1C75F-0949-464E-8F3C-C3FA8AC3D40B}.Debug|Any CPU.Build.0 = Debug|Any CPU
		{FDB1C75F-0949-464E-8F3C-C3FA8AC3D40B}.Release|Any CPU.ActiveCfg = Release|Any CPU
		{FDB1C75F-0949-464E-8F3C-C3FA8AC3D40B}.Release|Any CPU.Build.0 = Release|Any CPU
		{47E3BF85-9290-4516-9CD6-D9EB148CC375}.Debug|Any CPU.ActiveCfg = Debug|Any CPU
		{47E3BF85-9290-4516-9CD6-D9EB148CC375}.Debug|Any CPU.Build.0 = Debug|Any CPU
		{47E3BF85-9290-4516-9CD6-D9EB148CC375}.Release|Any CPU.ActiveCfg = Release|Any CPU
		{47E3BF85-9290-4516-9CD6-D9EB148CC375}.Release|Any CPU.Build.0 = Release|Any CPU
		{EA44CEEB-4ECA-4E58-925F-E4CBEF2E0218}.Debug|Any CPU.ActiveCfg = Debug|Any CPU
		{EA44CEEB-4ECA-4E58-925F-E4CBEF2E0218}.Debug|Any CPU.Build.0 = Debug|Any CPU
		{EA44CEEB-4ECA-4E58-925F-E4CBEF2E0218}.Release|Any CPU.ActiveCfg = Release|Any CPU
		{EA44CEEB-4ECA-4E58-925F-E4CBEF2E0218}.Release|Any CPU.Build.0 = Release|Any CPU
		{AAA2638F-C1BD-474B-8FC3-09F64E4E15C3}.Debug|Any CPU.ActiveCfg = Debug|Any CPU
		{AAA2638F-C1BD-474B-8FC3-09F64E4E15C3}.Debug|Any CPU.Build.0 = Debug|Any CPU
		{AAA2638F-C1BD-474B-8FC3-09F64E4E15C3}.Release|Any CPU.ActiveCfg = Release|Any CPU
		{AAA2638F-C1BD-474B-8FC3-09F64E4E15C3}.Release|Any CPU.Build.0 = Release|Any CPU
		{3A2BEA4B-7F78-4934-9A04-4B83155D356B}.Debug|Any CPU.ActiveCfg = Debug|Any CPU
		{3A2BEA4B-7F78-4934-9A04-4B83155D356B}.Debug|Any CPU.Build.0 = Debug|Any CPU
		{3A2BEA4B-7F78-4934-9A04-4B83155D356B}.Release|Any CPU.ActiveCfg = Release|Any CPU
		{3A2BEA4B-7F78-4934-9A04-4B83155D356B}.Release|Any CPU.Build.0 = Release|Any CPU
		{D7559DD8-2CC9-4E0E-B9D6-316B1D66B115}.Debug|Any CPU.ActiveCfg = Debug|Any CPU
		{D7559DD8-2CC9-4E0E-B9D6-316B1D66B115}.Debug|Any CPU.Build.0 = Debug|Any CPU
		{D7559DD8-2CC9-4E0E-B9D6-316B1D66B115}.Release|Any CPU.ActiveCfg = Release|Any CPU
		{D7559DD8-2CC9-4E0E-B9D6-316B1D66B115}.Release|Any CPU.Build.0 = Release|Any CPU
		{5BB50A9B-9CE2-42AF-8199-C15671E79D72}.Debug|Any CPU.ActiveCfg = Debug|Any CPU
		{5BB50A9B-9CE2-42AF-8199-C15671E79D72}.Debug|Any CPU.Build.0 = Debug|Any CPU
		{5BB50A9B-9CE2-42AF-8199-C15671E79D72}.Release|Any CPU.ActiveCfg = Release|Any CPU
		{5BB50A9B-9CE2-42AF-8199-C15671E79D72}.Release|Any CPU.Build.0 = Release|Any CPU
		{8BE0789D-0168-4BCB-9ECE-C64ED56C669B}.Debug|Any CPU.ActiveCfg = Debug|Any CPU
		{8BE0789D-0168-4BCB-9ECE-C64ED56C669B}.Debug|Any CPU.Build.0 = Debug|Any CPU
		{8BE0789D-0168-4BCB-9ECE-C64ED56C669B}.Release|Any CPU.ActiveCfg = Release|Any CPU
		{8BE0789D-0168-4BCB-9ECE-C64ED56C669B}.Release|Any CPU.Build.0 = Release|Any CPU
		{8701E0E4-F005-4E2C-8439-AA26B3DBC9B2}.Debug|Any CPU.ActiveCfg = Debug|Any CPU
		{8701E0E4-F005-4E2C-8439-AA26B3DBC9B2}.Debug|Any CPU.Build.0 = Debug|Any CPU
		{8701E0E4-F005-4E2C-8439-AA26B3DBC9B2}.Release|Any CPU.ActiveCfg = Release|Any CPU
		{8701E0E4-F005-4E2C-8439-AA26B3DBC9B2}.Release|Any CPU.Build.0 = Release|Any CPU
		{D2FBF69F-0D6D-4847-9ABB-194D23FD67EA}.Debug|Any CPU.ActiveCfg = Debug|Any CPU
		{D2FBF69F-0D6D-4847-9ABB-194D23FD67EA}.Debug|Any CPU.Build.0 = Debug|Any CPU
		{D2FBF69F-0D6D-4847-9ABB-194D23FD67EA}.Release|Any CPU.ActiveCfg = Release|Any CPU
		{D2FBF69F-0D6D-4847-9ABB-194D23FD67EA}.Release|Any CPU.Build.0 = Release|Any CPU
		{DD1C6305-27B9-42C9-A6C0-731C40AD4F4D}.Debug|Any CPU.ActiveCfg = Debug|Any CPU
		{DD1C6305-27B9-42C9-A6C0-731C40AD4F4D}.Debug|Any CPU.Build.0 = Debug|Any CPU
		{DD1C6305-27B9-42C9-A6C0-731C40AD4F4D}.Release|Any CPU.ActiveCfg = Release|Any CPU
		{DD1C6305-27B9-42C9-A6C0-731C40AD4F4D}.Release|Any CPU.Build.0 = Release|Any CPU
		{EA025D8F-9484-48DC-A51C-B22583729A7B}.Debug|Any CPU.ActiveCfg = Debug|Any CPU
		{EA025D8F-9484-48DC-A51C-B22583729A7B}.Debug|Any CPU.Build.0 = Debug|Any CPU
		{EA025D8F-9484-48DC-A51C-B22583729A7B}.Release|Any CPU.ActiveCfg = Release|Any CPU
		{EA025D8F-9484-48DC-A51C-B22583729A7B}.Release|Any CPU.Build.0 = Release|Any CPU
		{908859E0-4472-4857-A5B1-2B6F093627D5}.Debug|Any CPU.ActiveCfg = Debug|Any CPU
		{908859E0-4472-4857-A5B1-2B6F093627D5}.Debug|Any CPU.Build.0 = Debug|Any CPU
		{908859E0-4472-4857-A5B1-2B6F093627D5}.Release|Any CPU.ActiveCfg = Release|Any CPU
		{908859E0-4472-4857-A5B1-2B6F093627D5}.Release|Any CPU.Build.0 = Release|Any CPU
	EndGlobalSection
	GlobalSection(SolutionProperties) = preSolution
		HideSolutionNode = FALSE
	EndGlobalSection
	GlobalSection(NestedProjects) = preSolution
		{3A2BEA4B-7F78-4934-9A04-4B83155D356B} = {AD8A4756-C6B9-436D-9C5D-02A2AB1D6572}
		{D7559DD8-2CC9-4E0E-B9D6-316B1D66B115} = {AD8A4756-C6B9-436D-9C5D-02A2AB1D6572}
		{5BB50A9B-9CE2-42AF-8199-C15671E79D72} = {56BE487C-CF94-41BB-AFF0-36CAD1F3D758}
		{8BE0789D-0168-4BCB-9ECE-C64ED56C669B} = {56BE487C-CF94-41BB-AFF0-36CAD1F3D758}
		{EA025D8F-9484-48DC-A51C-B22583729A7B} = {2E6286B4-7E65-4EE4-84EE-3346BA78B4A8}
		{908859E0-4472-4857-A5B1-2B6F093627D5} = {2E6286B4-7E65-4EE4-84EE-3346BA78B4A8}
	EndGlobalSection
	GlobalSection(ExtensibilityGlobals) = postSolution
		SolutionGuid = {9D2C3BDE-46CE-402F-85DF-8BDF55741562}
	EndGlobalSection
EndGlobal
